
Microsoft Visual Studio Solution File, Format Version 12.00
# Visual Studio Version 16
VisualStudioVersion = 16.0.31829.152
MinimumVisualStudioVersion = 10.0.40219.1
Project("{FAE04EC0-301F-11D3-BF4B-00C04F79EFBC}") = "wpf_lab17", "wpf_lab17\wpf_lab17.csproj", "{102FC94A-ECF4-4CA1-ACB0-25D5549ED204}"
EndProject
Global
	GlobalSection(SolutionConfigurationPlatforms) = preSolution
		Debug|Any CPU = Debug|Any CPU
		Release|Any CPU = Release|Any CPU
	EndGlobalSection
	GlobalSection(ProjectConfigurationPlatforms) = postSolution
		{102FC94A-ECF4-4CA1-ACB0-25D5549ED204}.Debug|Any CPU.ActiveCfg = Debug|Any CPU
		{102FC94A-ECF4-4CA1-ACB0-25D5549ED204}.Debug|Any CPU.Build.0 = Debug|Any CPU
		{102FC94A-ECF4-4CA1-ACB0-25D5549ED204}.Release|Any CPU.ActiveCfg = Release|Any CPU
		{102FC94A-ECF4-4CA1-ACB0-25D5549ED204}.Release|Any CPU.Build.0 = Release|Any CPU
	EndGlobalSection
	GlobalSection(SolutionProperties) = preSolution
		HideSolutionNode = FALSE
	EndGlobalSection
	GlobalSection(ExtensibilityGlobals) = postSolution
		SolutionGuid = {A9035331-14CB-4121-801A-36472789A2EB}
	EndGlobalSection
EndGlobal
